<?xml version="1.0" encoding="utf-8"?>
<Project ToolsVersion="4.0" xmlns="http://schemas.microsoft.com/developer/msbuild/2003">
  <ItemGroup>
    <Filter Include="ソース ファイル">
      <UniqueIdentifier>{4FC737F1-C7A5-4376-A066-2A32D752A2FF}</UniqueIdentifier>
      <Extensions>cpp;c;cc;cxx;c++;cppm;ixx;def;odl;idl;hpj;bat;asm;asmx</Extensions>
    </Filter>
    <Filter Include="ヘッダー ファイル">
      <UniqueIdentifier>{93995380-89BD-4b04-88EB-625FBE52EBFB}</UniqueIdentifier>
      <Extensions>h;hh;hpp;hxx;h++;hm;inl;inc;ipp;xsd</Extensions>
    </Filter>
    <Filter Include="リソース ファイル">
      <UniqueIdentifier>{67DA6AB6-F800-4c08-8B7A-83BB121AAD01}</UniqueIdentifier>
      <Extensions>rc;ico;cur;bmp;dlg;rc2;rct;bin;rgs;gif;jpg;jpeg;jpe;resx;tiff;tif;png;wav;mfcribbon-ms</Extensions>
    </Filter>
    <Filter Include="ヘッダー ファイル\shot">
      <UniqueIdentifier>{23762adf-48cd-4271-84da-0c639151685b}</UniqueIdentifier>
    </Filter>
    <Filter Include="ソース ファイル\shot">
      <UniqueIdentifier>{7dff6a46-f74c-4fde-a42d-5515655307c4}</UniqueIdentifier>
    </Filter>
    <Filter Include="ソース ファイル\villain">
      <UniqueIdentifier>{1b9ac877-ebda-4408-8bb6-bbfe9bf9f4db}</UniqueIdentifier>
    </Filter>
    <Filter Include="ヘッダー ファイル\villain">
      <UniqueIdentifier>{e8fd6c40-47b5-4dbd-af96-1509353aae94}</UniqueIdentifier>
    </Filter>
    <Filter Include="ソース ファイル\scene">
      <UniqueIdentifier>{24fd4603-5093-4a20-9cc8-fab9109d9787}</UniqueIdentifier>
    </Filter>
    <Filter Include="ヘッダー ファイル\scene">
      <UniqueIdentifier>{2595d766-e001-4e78-803e-4e0d175ca24a}</UniqueIdentifier>
    </Filter>
    <Filter Include="ヘッダー ファイル\shot\Shotnway">
      <UniqueIdentifier>{795f20e4-5082-4782-a16b-33963fd8a1ef}</UniqueIdentifier>
    </Filter>
    <Filter Include="ソース ファイル\shot\shotnway">
      <UniqueIdentifier>{9bcc5683-31de-4a63-8cd3-660780e351d5}</UniqueIdentifier>
    </Filter>
    <Filter Include="ソース ファイル\Title">
      <UniqueIdentifier>{db3cfed3-85d2-47bc-9109-adbdd42662ed}</UniqueIdentifier>
    </Filter>
    <Filter Include="ヘッダー ファイル\Title">
      <UniqueIdentifier>{74a4e2cc-9ea4-41fd-8ada-96ca74d46473}</UniqueIdentifier>
    </Filter>
  </ItemGroup>
  <ItemGroup>
    <ClCompile Include="vec2.cpp">
      <Filter>ソース ファイル</Filter>
    </ClCompile>
    <ClCompile Include="player.cpp">
      <Filter>ソース ファイル</Filter>
    </ClCompile>
    <ClCompile Include="enemy.cpp">
      <Filter>ソース ファイル</Filter>
    </ClCompile>
    <ClCompile Include="shot.cpp">
      <Filter>ソース ファイル\shot</Filter>
    </ClCompile>
    <ClCompile Include="ShotBase.cpp">
      <Filter>ソース ファイル\shot</Filter>
    </ClCompile>
    <ClCompile Include="ShotBound.cpp">
      <Filter>ソース ファイル\shot</Filter>
    </ClCompile>
    <ClCompile Include="ShotEnemy.cpp">
      <Filter>ソース ファイル\shot</Filter>
    </ClCompile>
    <ClCompile Include="ShotNormal.cpp">
      <Filter>ソース ファイル\shot</Filter>
    </ClCompile>
    <ClCompile Include="villain.cpp">
      <Filter>ソース ファイル\villain</Filter>
    </ClCompile>
    <ClCompile Include="villainBase.cpp">
      <Filter>ソース ファイル\villain</Filter>
    </ClCompile>
    <ClCompile Include="villainFirst.cpp">
      <Filter>ソース ファイル\villain</Filter>
    </ClCompile>
    <ClCompile Include="main.cpp">
      <Filter>ソース ファイル\scene</Filter>
    </ClCompile>
    <ClCompile Include="SceneMain.cpp">
      <Filter>ソース ファイル\scene</Filter>
    </ClCompile>
    <ClCompile Include="backImg.cpp">
      <Filter>ソース ファイル\scene</Filter>
    </ClCompile>
    <ClCompile Include="ShotEenmy3way.cpp">
      <Filter>ソース ファイル\shot\shotnway</Filter>
    </ClCompile>
    <ClCompile Include="shotEnemy1way.cpp">
      <Filter>ソース ファイル\shot\shotnway</Filter>
    </ClCompile>
    <ClCompile Include="ShotEnemy2way.cpp">
      <Filter>ソース ファイル\shot\shotnway</Filter>
    </ClCompile>
    <ClCompile Include="SceneManager.cpp">
      <Filter>ソース ファイル\Title</Filter>
    </ClCompile>
    <ClCompile Include="SceneTest.cpp">
      <Filter>ソース ファイル\Title</Filter>
    </ClCompile>
    <ClCompile Include="SceneTitle.cpp">
      <Filter>ソース ファイル\Title</Filter>
    </ClCompile>
    <ClCompile Include="SceneBase.cpp">
      <Filter>ソース ファイル\Title</Filter>
    </ClCompile>
    <ClCompile Include="SceneEnd.cpp">
      <Filter>ソース ファイル\Title</Filter>
    </ClCompile>
  </ItemGroup>
  <ItemGroup>
    <ClInclude Include="game.h">
      <Filter>ヘッダー ファイル</Filter>
    </ClInclude>
    <ClInclude Include="vec2.h">
      <Filter>ヘッダー ファイル</Filter>
    </ClInclude>
    <ClInclude Include="player.h">
      <Filter>ヘッダー ファイル</Filter>
    </ClInclude>
    <ClInclude Include="enemy.h">
      <Filter>ヘッダー ファイル</Filter>
    </ClInclude>
    <ClInclude Include="shot.h">
      <Filter>ヘッダー ファイル\shot</Filter>
    </ClInclude>
    <ClInclude Include="ShotBase.h">
      <Filter>ヘッダー ファイル\shot</Filter>
    </ClInclude>
    <ClInclude Include="ShotBound.h">
      <Filter>ヘッダー ファイル\shot</Filter>
    </ClInclude>
    <ClInclude Include="ShotEnemy.h">
      <Filter>ヘッダー ファイル\shot</Filter>
    </ClInclude>
    <ClInclude Include="ShotNormal.h">
      <Filter>ヘッダー ファイル\shot</Filter>
    </ClInclude>
    <ClInclude Include="villain.h">
      <Filter>ヘッダー ファイル\villain</Filter>
    </ClInclude>
    <ClInclude Include="villainBase.h">
      <Filter>ヘッダー ファイル\villain</Filter>
    </ClInclude>
    <ClInclude Include="villainFirst.h">
      <Filter>ヘッダー ファイル\villain</Filter>
    </ClInclude>
    <ClInclude Include="backImg.h">
      <Filter>ヘッダー ファイル\scene</Filter>
    </ClInclude>
    <ClInclude Include="SceneMain.h">
      <Filter>ヘッダー ファイル\scene</Filter>
    </ClInclude>
    <ClInclude Include="ShotEnemy1way.h">
      <Filter>ヘッダー ファイル\shot\Shotnway</Filter>
    </ClInclude>
    <ClInclude Include="ShotEnemy2way.h">
      <Filter>ヘッダー ファイル\shot\Shotnway</Filter>
    </ClInclude>
    <ClInclude Include="ShotEnemy3way.h">
      <Filter>ヘッダー ファイル\shot\Shotnway</Filter>
    </ClInclude>
    <ClInclude Include="SceneManager.h">
      <Filter>ヘッダー ファイル\Title</Filter>
    </ClInclude>
    <ClInclude Include="SceneTest.h">
      <Filter>ヘッダー ファイル\Title</Filter>
    </ClInclude>
    <ClInclude Include="SceneTitle.h">
      <Filter>ヘッダー ファイル\Title</Filter>
    </ClInclude>
    <ClInclude Include="SceneBase.h">
      <Filter>ヘッダー ファイル\Title</Filter>
    </ClInclude>
    <ClInclude Include="SceneEnd.h">
      <Filter>ヘッダー ファイル\Title</Filter>
    </ClInclude>
  </ItemGroup>
</Project>